
Microsoft Visual Studio Solution File, Format Version 12.00
# Visual Studio 15
VisualStudioVersion = 15.0.28307.779
MinimumVisualStudioVersion = 10.0.40219.1
Project("{FAE04EC0-301F-11D3-BF4B-00C04F79EFBC}") = "Blackjack", "Blackjack\Blackjack.csproj", "{804616E6-6806-4034-8595-EB670F68BF21}"
EndProject
Global
	GlobalSection(SolutionConfigurationPlatforms) = preSolution
		Debug|Any CPU = Debug|Any CPU
		Release|Any CPU = Release|Any CPU
	EndGlobalSection
	GlobalSection(ProjectConfigurationPlatforms) = postSolution
		{804616E6-6806-4034-8595-EB670F68BF21}.Debug|Any CPU.ActiveCfg = Debug|Any CPU
		{804616E6-6806-4034-8595-EB670F68BF21}.Debug|Any CPU.Build.0 = Debug|Any CPU
		{804616E6-6806-4034-8595-EB670F68BF21}.Release|Any CPU.ActiveCfg = Release|Any CPU
		{804616E6-6806-4034-8595-EB670F68BF21}.Release|Any CPU.Build.0 = Release|Any CPU
	EndGlobalSection
	GlobalSection(SolutionProperties) = preSolution
		HideSolutionNode = FALSE
	EndGlobalSection
	GlobalSection(ExtensibilityGlobals) = postSolution
		SolutionGuid = {4988C916-CB39-4BDD-A769-874E5FE26B0F}
	EndGlobalSection
EndGlobal
